PODS:
  - Nimble (5.0.0)
  - Quick (0.10.0)

DEPENDENCIES:
  - Nimble (= 5.0.0)
  - Quick (= 0.10.0)

SPEC CHECKSUMS:
  Nimble: 56fc9f5020effa2206de22c3dd910f4fb011b92f
  Quick: 5d290df1c69d5ee2f0729956dcf0fd9a30447eaa

PODFILE CHECKSUM: 134c66de5a2361be0c0f5356353f15321354c1f4

COCOAPODS: 1.1.0.rc.2
