// !$*UTF8*$!
{
	archiveVersion = 1;
	classes = {
	};
	objectVersion = 46;
	objects = {

/* Begin PBXBuildFile section */
		750047161D8CF0DA000C0779 /* MapperErrorSpec.swift in Sources */ = {isa = PBXBuildFile; fileRef = 750047151D8CF0DA000C0779 /* MapperErrorSpec.swift */; };
		7509D0981E0C23D700550FDA /* .swiftlint.yml in Resources */ = {isa = PBXBuildFile; fileRef = 7509D0971E0C23D700550FDA /* .swiftlint.yml */; };
		750C74D31D7A7A5A00B9AB51 /* DictionarySpec.swift in Sources */ = {isa = PBXBuildFile; fileRef = 750C74D21D7A7A5A00B9AB51 /* DictionarySpec.swift */; };
		75182DF41D7BDB1F00AEAD44 /* KeyedMapper+Mappable.swift in Sources */ = {isa = PBXBuildFile; fileRef = 75182DF31D7BDB1F00AEAD44 /* KeyedMapper+Mappable.swift */; };
		75182DF61D7BDB5B00AEAD44 /* KeyedMapper+Convertible.swift in Sources */ = {isa = PBXBuildFile; fileRef = 75182DF51D7BDB5B00AEAD44 /* KeyedMapper+Convertible.swift */; };
		75182DFB1D7BE1C200AEAD44 /* KeyedMapperSpec.swift in Sources */ = {isa = PBXBuildFile; fileRef = 75182DFA1D7BE1C200AEAD44 /* KeyedMapperSpec.swift */; };
		752518B61DF0C6B000B72977 /* Sequence+MappableSpec.swift in Sources */ = {isa = PBXBuildFile; fileRef = 752518B51DF0C6B000B72977 /* Sequence+MappableSpec.swift */; };
		752518B81DF0C6C300B72977 /* Sequence+ConvertibleSpec.swift in Sources */ = {isa = PBXBuildFile; fileRef = 752518B71DF0C6C300B72977 /* Sequence+ConvertibleSpec.swift */; };
		7539FA371E18B8CE0041593C /* JSON.swift in Sources */ = {isa = PBXBuildFile; fileRef = 7539FA361E18B8CE0041593C /* JSON.swift */; };
		7539FA391E18B92B0041593C /* JSONSpec.swift in Sources */ = {isa = PBXBuildFile; fileRef = 7539FA381E18B92B0041593C /* JSONSpec.swift */; };
		755470BA1D8A554100472173 /* KeyedMapper+MappableSpec.swift in Sources */ = {isa = PBXBuildFile; fileRef = 755470B91D8A554100472173 /* KeyedMapper+MappableSpec.swift */; };
		755C6398240500DF00287FF4 /* Mappable.swift in Sources */ = {isa = PBXBuildFile; fileRef = 755C6397240500DF00287FF4 /* Mappable.swift */; };
		7562CA8D1D88F6D100430687 /* KeyedMapper+ConvertibleSpec.swift in Sources */ = {isa = PBXBuildFile; fileRef = 7562CA8C1D88F6D100430687 /* KeyedMapper+ConvertibleSpec.swift */; };
		7566673B1D864A2800AFFE02 /* NilConvertible.swift in Sources */ = {isa = PBXBuildFile; fileRef = 7566673A1D864A2800AFFE02 /* NilConvertible.swift */; };
		7566673D1D864A6D00AFFE02 /* KeyedMapper+NilConvertible.swift in Sources */ = {isa = PBXBuildFile; fileRef = 7566673C1D864A6D00AFFE02 /* KeyedMapper+NilConvertible.swift */; };
		757073371D8658F4006C5D7F /* MappableSpec.swift in Sources */ = {isa = PBXBuildFile; fileRef = 757073361D8658F4006C5D7F /* MappableSpec.swift */; };
		757073391D866C95006C5D7F /* DefaultConvertibleSpec.swift in Sources */ = {isa = PBXBuildFile; fileRef = 757073381D866C95006C5D7F /* DefaultConvertibleSpec.swift */; };
		7570733E1D867458006C5D7F /* MapperError.swift in Sources */ = {isa = PBXBuildFile; fileRef = 7570733D1D867458006C5D7F /* MapperError.swift */; };
		7578B9BA1D87A7890009A143 /* KeyedMapper+NilConvertibleSpec.swift in Sources */ = {isa = PBXBuildFile; fileRef = 7578B9B91D87A7890009A143 /* KeyedMapper+NilConvertibleSpec.swift */; };
		7578B9BC1D87AC840009A143 /* ReverseMappableSpec.swift in Sources */ = {isa = PBXBuildFile; fileRef = 7578B9BB1D87AC840009A143 /* ReverseMappableSpec.swift */; };
		757BFE471DEF892800FC861C /* Sequence+Mappable.swift in Sources */ = {isa = PBXBuildFile; fileRef = 757BFE461DEF892800FC861C /* Sequence+Mappable.swift */; };
		757BFE491DEF895500FC861C /* Sequence+Convertible.swift in Sources */ = {isa = PBXBuildFile; fileRef = 757BFE481DEF895500FC861C /* Sequence+Convertible.swift */; };
		75BC66811D7691520041B0CA /* KeyedMapper.h in Headers */ = {isa = PBXBuildFile; fileRef = 75BC66801D7691520041B0CA /* KeyedMapper.h */; settings = {ATTRIBUTES = (Public, ); }; };
		75BC66881D7691520041B0CA /* KeyedMapper.framework in Frameworks */ = {isa = PBXBuildFile; fileRef = 75BC667D1D7691520041B0CA /* KeyedMapper.framework */; };
		75BC669A1D76918C0041B0CA /* Dictionary.swift in Sources */ = {isa = PBXBuildFile; fileRef = 75BC66991D76918C0041B0CA /* Dictionary.swift */; };
		75BC669D1D7691AB0041B0CA /* Convertible.swift in Sources */ = {isa = PBXBuildFile; fileRef = 75BC669C1D7691AB0041B0CA /* Convertible.swift */; };
		75BC66A01D7691FD0041B0CA /* MapperError.swift in Sources */ = {isa = PBXBuildFile; fileRef = 75BC669F1D7691FD0041B0CA /* MapperError.swift */; };
		75BC66A21D76924E0041B0CA /* JSONKey.swift in Sources */ = {isa = PBXBuildFile; fileRef = 75BC66A11D76924E0041B0CA /* JSONKey.swift */; };
		75BC66A81D7692D20041B0CA /* ReverseMappable.swift in Sources */ = {isa = PBXBuildFile; fileRef = 75BC66A71D7692D20041B0CA /* ReverseMappable.swift */; };
		75BC66AA1D7692FD0041B0CA /* KeyedMapper.swift in Sources */ = {isa = PBXBuildFile; fileRef = 75BC66A91D7692FD0041B0CA /* KeyedMapper.swift */; };
		75BC66B11D7697F40041B0CA /* DefaultConvertible.swift in Sources */ = {isa = PBXBuildFile; fileRef = 75BC66B01D7697F40041B0CA /* DefaultConvertible.swift */; };
		75CCE8BB1DC8D6C80023D8B4 /* TestModels.h in Headers */ = {isa = PBXBuildFile; fileRef = 75CCE8B91DC8D6C80023D8B4 /* TestModels.h */; settings = {ATTRIBUTES = (Public, ); }; };
		75CCE8C01DC8D7150023D8B4 /* Recording.swift in Sources */ = {isa = PBXBuildFile; fileRef = 75CCE8BF1DC8D7150023D8B4 /* Recording.swift */; };
		75CCE8C41DC8D7790023D8B4 /* Program.swift in Sources */ = {isa = PBXBuildFile; fileRef = 75CCE8C31DC8D7790023D8B4 /* Program.swift */; };
		75CCE8CC1DC8D7DC0023D8B4 /* PerformanceTests.swift in Sources */ = {isa = PBXBuildFile; fileRef = 75CCE8CB1DC8D7DC0023D8B4 /* PerformanceTests.swift */; };
		75CCE8CE1DC8D7DD0023D8B4 /* KeyedMapper.framework in Frameworks */ = {isa = PBXBuildFile; fileRef = 75BC667D1D7691520041B0CA /* KeyedMapper.framework */; };
		75CCE8D71DC8D83C0023D8B4 /* Large.json in Resources */ = {isa = PBXBuildFile; fileRef = 75CCE8D61DC8D83C0023D8B4 /* Large.json */; };
		75CCE8D91DC8D9000023D8B4 /* ProgramList.swift in Sources */ = {isa = PBXBuildFile; fileRef = 75CCE8D81DC8D9000023D8B4 /* ProgramList.swift */; };
		8800A761C99290A96C4E825B /* Pods_KeyedMapperTests.framework in Frameworks */ = {isa = PBXBuildFile; fileRef = 06C32F4E25B088BD6632AAC3 /* Pods_KeyedMapperTests.framework */; };
		EF0842381252C5D280433717 /* Pods_KeyedMapper.framework in Frameworks */ = {isa = PBXBuildFile; fileRef = 372B003C4512F244A93D6964 /* Pods_KeyedMapper.framework */; };
/* End PBXBuildFile section */

/* Begin PBXContainerItemProxy section */
		75BC66891D7691520041B0CA /* PBXContainerItemProxy */ = {
			isa = PBXContainerItemProxy;
			containerPortal = 75BC66741D7691520041B0CA /* Project object */;
			proxyType = 1;
			remoteGlobalIDString = 75BC667C1D7691520041B0CA;
			remoteInfo = KeyedMapper;
		};
		75CCE8C11DC8D7590023D8B4 /* PBXContainerItemProxy */ = {
			isa = PBXContainerItemProxy;
			containerPortal = 75BC66741D7691520041B0CA /* Project object */;
			proxyType = 1;
			remoteGlobalIDString = 75BC667C1D7691520041B0CA;
			remoteInfo = KeyedMapper;
		};
		75CCE8CF1DC8D7DD0023D8B4 /* PBXContainerItemProxy */ = {
			isa = PBXContainerItemProxy;
			containerPortal = 75BC66741D7691520041B0CA /* Project object */;
			proxyType = 1;
			remoteGlobalIDString = 75BC667C1D7691520041B0CA;
			remoteInfo = KeyedMapper;
		};
		75CCE8D41DC8D7EA0023D8B4 /* PBXContainerItemProxy */ = {
			isa = PBXContainerItemProxy;
			containerPortal = 75BC66741D7691520041B0CA /* Project object */;
			proxyType = 1;
			remoteGlobalIDString = 75CCE8B61DC8D6C80023D8B4;
			remoteInfo = TestModels;
		};
/* End PBXContainerItemProxy section */

/* Begin PBXFileReference section */
		06C32F4E25B088BD6632AAC3 /* Pods_KeyedMapperTests.framework */ = {isa = PBXFileReference; explicitFileType = wrapper.framework; includeInIndex = 0; path = Pods_KeyedMapperTests.framework; sourceTree = BUILT_PRODUCTS_DIR; };
		372B003C4512F244A93D6964 /* Pods_KeyedMapper.framework */ = {isa = PBXFileReference; explicitFileType = wrapper.framework; includeInIndex = 0; path = Pods_KeyedMapper.framework; sourceTree = BUILT_PRODUCTS_DIR; };
		69F8C276B77894D1CEEAB459 /* Pods-KeyedMapper.debug.xcconfig */ = {isa = PBXFileReference; includeInIndex = 1; lastKnownFileType = text.xcconfig; name = "Pods-KeyedMapper.debug.xcconfig"; path = "Pods/Target Support Files/Pods-KeyedMapper/Pods-KeyedMapper.debug.xcconfig"; sourceTree = "<group>"; };
		750047151D8CF0DA000C0779 /* MapperErrorSpec.swift */ = {isa = PBXFileReference; fileEncoding = 4; lastKnownFileType = sourcecode.swift; path = MapperErrorSpec.swift; sourceTree = "<group>"; };
		750047191D8CFF0E000C0779 /* KeyedMapper.podspec */ = {isa = PBXFileReference; fileEncoding = 4; lastKnownFileType = text; path = KeyedMapper.podspec; sourceTree = "<group>"; };
		7500471B1D8D0C83000C0779 /* .swift-version */ = {isa = PBXFileReference; fileEncoding = 4; lastKnownFileType = text; path = ".swift-version"; sourceTree = "<group>"; };
		7509D0971E0C23D700550FDA /* .swiftlint.yml */ = {isa = PBXFileReference; fileEncoding = 4; lastKnownFileType = text; path = .swiftlint.yml; sourceTree = "<group>"; };
		750C74D21D7A7A5A00B9AB51 /* DictionarySpec.swift */ = {isa = PBXFileReference; fileEncoding = 4; lastKnownFileType = sourcecode.swift; path = DictionarySpec.swift; sourceTree = "<group>"; };
		750C74D41D7A83B000B9AB51 /* .travis.yml */ = {isa = PBXFileReference; fileEncoding = 4; lastKnownFileType = text; path = .travis.yml; sourceTree = "<group>"; };
		75182DF31D7BDB1F00AEAD44 /* KeyedMapper+Mappable.swift */ = {isa = PBXFileReference; fileEncoding = 4; lastKnownFileType = sourcecode.swift; path = "KeyedMapper+Mappable.swift"; sourceTree = "<group>"; };
		75182DF51D7BDB5B00AEAD44 /* KeyedMapper+Convertible.swift */ = {isa = PBXFileReference; fileEncoding = 4; lastKnownFileType = sourcecode.swift; path = "KeyedMapper+Convertible.swift"; sourceTree = "<group>"; };
		75182DFA1D7BE1C200AEAD44 /* KeyedMapperSpec.swift */ = {isa = PBXFileReference; fileEncoding = 4; lastKnownFileType = sourcecode.swift; path = KeyedMapperSpec.swift; sourceTree = "<group>"; };
		752518B51DF0C6B000B72977 /* Sequence+MappableSpec.swift */ = {isa = PBXFileReference; fileEncoding = 4; lastKnownFileType = sourcecode.swift; path = "Sequence+MappableSpec.swift"; sourceTree = "<group>"; };
		752518B71DF0C6C300B72977 /* Sequence+ConvertibleSpec.swift */ = {isa = PBXFileReference; fileEncoding = 4; lastKnownFileType = sourcecode.swift; path = "Sequence+ConvertibleSpec.swift"; sourceTree = "<group>"; };
		7539FA361E18B8CE0041593C /* JSON.swift */ = {isa = PBXFileReference; fileEncoding = 4; lastKnownFileType = sourcecode.swift; path = JSON.swift; sourceTree = "<group>"; };
		7539FA381E18B92B0041593C /* JSONSpec.swift */ = {isa = PBXFileReference; fileEncoding = 4; lastKnownFileType = sourcecode.swift; path = JSONSpec.swift; sourceTree = "<group>"; };
		755470B91D8A554100472173 /* KeyedMapper+MappableSpec.swift */ = {isa = PBXFileReference; fileEncoding = 4; lastKnownFileType = sourcecode.swift; path = "KeyedMapper+MappableSpec.swift"; sourceTree = "<group>"; };
		755ADE061D8DE91F0086C900 /* codecov.yml */ = {isa = PBXFileReference; lastKnownFileType = text; path = codecov.yml; sourceTree = "<group>"; };
		755ADE071D8DE91F0086C900 /* README.md */ = {isa = PBXFileReference; lastKnownFileType = net.daringfireball.markdown; path = README.md; sourceTree = "<group>"; };
		755ADE081D8DE91F0086C900 /* LICENSE */ = {isa = PBXFileReference; lastKnownFileType = text; path = LICENSE; sourceTree = "<group>"; };
		755C6397240500DF00287FF4 /* Mappable.swift */ = {isa = PBXFileReference; lastKnownFileType = sourcecode.swift; path = Mappable.swift; sourceTree = "<group>"; };
		7562CA8B1D88E59700430687 /* .codebeatignore */ = {isa = PBXFileReference; lastKnownFileType = text; path = .codebeatignore; sourceTree = "<group>"; };
		7562CA8C1D88F6D100430687 /* KeyedMapper+ConvertibleSpec.swift */ = {isa = PBXFileReference; fileEncoding = 4; lastKnownFileType = sourcecode.swift; path = "KeyedMapper+ConvertibleSpec.swift"; sourceTree = "<group>"; };
		7566673A1D864A2800AFFE02 /* NilConvertible.swift */ = {isa = PBXFileReference; fileEncoding = 4; lastKnownFileType = sourcecode.swift; path = NilConvertible.swift; sourceTree = "<group>"; };
		7566673C1D864A6D00AFFE02 /* KeyedMapper+NilConvertible.swift */ = {isa = PBXFileReference; fileEncoding = 4; lastKnownFileType = sourcecode.swift; path = "KeyedMapper+NilConvertible.swift"; sourceTree = "<group>"; };
		757073361D8658F4006C5D7F /* MappableSpec.swift */ = {isa = PBXFileReference; fileEncoding = 4; lastKnownFileType = sourcecode.swift; path = MappableSpec.swift; sourceTree = "<group>"; };
		757073381D866C95006C5D7F /* DefaultConvertibleSpec.swift */ = {isa = PBXFileReference; fileEncoding = 4; lastKnownFileType = sourcecode.swift; path = DefaultConvertibleSpec.swift; sourceTree = "<group>"; };
		7570733D1D867458006C5D7F /* MapperError.swift */ = {isa = PBXFileReference; fileEncoding = 4; lastKnownFileType = sourcecode.swift; path = MapperError.swift; sourceTree = "<group>"; };
		7578B9B91D87A7890009A143 /* KeyedMapper+NilConvertibleSpec.swift */ = {isa = PBXFileReference; fileEncoding = 4; lastKnownFileType = sourcecode.swift; path = "KeyedMapper+NilConvertibleSpec.swift"; sourceTree = "<group>"; };
		7578B9BB1D87AC840009A143 /* ReverseMappableSpec.swift */ = {isa = PBXFileReference; fileEncoding = 4; lastKnownFileType = sourcecode.swift; path = ReverseMappableSpec.swift; sourceTree = "<group>"; };
		757BFE461DEF892800FC861C /* Sequence+Mappable.swift */ = {isa = PBXFileReference; fileEncoding = 4; lastKnownFileType = sourcecode.swift; path = "Sequence+Mappable.swift"; sourceTree = "<group>"; };
		757BFE481DEF895500FC861C /* Sequence+Convertible.swift */ = {isa = PBXFileReference; fileEncoding = 4; lastKnownFileType = sourcecode.swift; path = "Sequence+Convertible.swift"; sourceTree = "<group>"; };
		75A985711D8DF43C00109E0A /* KeyedMapper.playground */ = {isa = PBXFileReference; lastKnownFileType = file.playground; path = KeyedMapper.playground; sourceTree = "<group>"; xcLanguageSpecificationIdentifier = xcode.lang.swift; };
		75BC667D1D7691520041B0CA /* KeyedMapper.framework */ = {isa = PBXFileReference; explicitFileType = wrapper.framework; includeInIndex = 0; path = KeyedMapper.framework; sourceTree = BUILT_PRODUCTS_DIR; };
		75BC66801D7691520041B0CA /* KeyedMapper.h */ = {isa = PBXFileReference; lastKnownFileType = sourcecode.c.h; path = KeyedMapper.h; sourceTree = "<group>"; };
		75BC66821D7691520041B0CA /* Info.plist */ = {isa = PBXFileReference; lastKnownFileType = text.plist.xml; path = Info.plist; sourceTree = "<group>"; };
		75BC66871D7691520041B0CA /* KeyedMapperTests.xctest */ = {isa = PBXFileReference; explicitFileType = wrapper.cfbundle; includeInIndex = 0; path = KeyedMapperTests.xctest; sourceTree = BUILT_PRODUCTS_DIR; };
		75BC668E1D7691520041B0CA /* Info.plist */ = {isa = PBXFileReference; lastKnownFileType = text.plist.xml; path = Info.plist; sourceTree = "<group>"; };
		75BC66991D76918C0041B0CA /* Dictionary.swift */ = {isa = PBXFileReference; fileEncoding = 4; lastKnownFileType = sourcecode.swift; path = Dictionary.swift; sourceTree = "<group>"; };
		75BC669C1D7691AB0041B0CA /* Convertible.swift */ = {isa = PBXFileReference; fileEncoding = 4; lastKnownFileType = sourcecode.swift; path = Convertible.swift; sourceTree = "<group>"; };
		75BC669F1D7691FD0041B0CA /* MapperError.swift */ = {isa = PBXFileReference; fileEncoding = 4; lastKnownFileType = sourcecode.swift; path = MapperError.swift; sourceTree = "<group>"; };
		75BC66A11D76924E0041B0CA /* JSONKey.swift */ = {isa = PBXFileReference; fileEncoding = 4; lastKnownFileType = sourcecode.swift; path = JSONKey.swift; sourceTree = "<group>"; };
		75BC66A71D7692D20041B0CA /* ReverseMappable.swift */ = {isa = PBXFileReference; fileEncoding = 4; lastKnownFileType = sourcecode.swift; path = ReverseMappable.swift; sourceTree = "<group>"; };
		75BC66A91D7692FD0041B0CA /* KeyedMapper.swift */ = {isa = PBXFileReference; fileEncoding = 4; lastKnownFileType = sourcecode.swift; path = KeyedMapper.swift; sourceTree = "<group>"; };
		75BC66AE1D7694C40041B0CA /* Gemfile */ = {isa = PBXFileReference; fileEncoding = 4; lastKnownFileType = text; path = Gemfile; sourceTree = "<group>"; };
		75BC66B01D7697F40041B0CA /* DefaultConvertible.swift */ = {isa = PBXFileReference; fileEncoding = 4; lastKnownFileType = sourcecode.swift; path = DefaultConvertible.swift; sourceTree = "<group>"; };
		75CCE8B71DC8D6C80023D8B4 /* TestModels.framework */ = {isa = PBXFileReference; explicitFileType = wrapper.framework; includeInIndex = 0; path = TestModels.framework; sourceTree = BUILT_PRODUCTS_DIR; };
		75CCE8B91DC8D6C80023D8B4 /* TestModels.h */ = {isa = PBXFileReference; lastKnownFileType = sourcecode.c.h; path = TestModels.h; sourceTree = "<group>"; };
		75CCE8BA1DC8D6C80023D8B4 /* Info.plist */ = {isa = PBXFileReference; lastKnownFileType = text.plist.xml; path = Info.plist; sourceTree = "<group>"; };
		75CCE8BF1DC8D7150023D8B4 /* Recording.swift */ = {isa = PBXFileReference; fileEncoding = 4; lastKnownFileType = sourcecode.swift; path = Recording.swift; sourceTree = "<group>"; };
		75CCE8C31DC8D7790023D8B4 /* Program.swift */ = {isa = PBXFileReference; fileEncoding = 4; lastKnownFileType = sourcecode.swift; path = Program.swift; sourceTree = "<group>"; };
		75CCE8C91DC8D7DC0023D8B4 /* PerformanceTests.xctest */ = {isa = PBXFileReference; explicitFileType = wrapper.cfbundle; includeInIndex = 0; path = PerformanceTests.xctest; sourceTree = BUILT_PRODUCTS_DIR; };
		75CCE8CB1DC8D7DC0023D8B4 /* PerformanceTests.swift */ = {isa = PBXFileReference; lastKnownFileType = sourcecode.swift; path = PerformanceTests.swift; sourceTree = "<group>"; };
		75CCE8CD1DC8D7DD0023D8B4 /* Info.plist */ = {isa = PBXFileReference; lastKnownFileType = text.plist.xml; path = Info.plist; sourceTree = "<group>"; };
		75CCE8D61DC8D83C0023D8B4 /* Large.json */ = {isa = PBXFileReference; fileEncoding = 4; lastKnownFileType = text.json; path = Large.json; sourceTree = "<group>"; };
		75CCE8D81DC8D9000023D8B4 /* ProgramList.swift */ = {isa = PBXFileReference; fileEncoding = 4; lastKnownFileType = sourcecode.swift; path = ProgramList.swift; sourceTree = "<group>"; };
		75FEE68C1D793D3B002DBF7D /* .gitignore */ = {isa = PBXFileReference; fileEncoding = 4; lastKnownFileType = text; path = .gitignore; sourceTree = "<group>"; };
		75FEE68D1D793D3B002DBF7D /* .swiftlint.yml */ = {isa = PBXFileReference; fileEncoding = 4; lastKnownFileType = text; path = .swiftlint.yml; sourceTree = "<group>"; };
		91EF0AD6E5D893E33C1E2C41 /* Pods-KeyedMapper.release.xcconfig */ = {isa = PBXFileReference; includeInIndex = 1; lastKnownFileType = text.xcconfig; name = "Pods-KeyedMapper.release.xcconfig"; path = "Pods/Target Support Files/Pods-KeyedMapper/Pods-KeyedMapper.release.xcconfig"; sourceTree = "<group>"; };
		BB15C45BEA566614D77E2656 /* Pods-KeyedMapperTests.release.xcconfig */ = {isa = PBXFileReference; includeInIndex = 1; lastKnownFileType = text.xcconfig; name = "Pods-KeyedMapperTests.release.xcconfig"; path = "Pods/Target Support Files/Pods-KeyedMapperTests/Pods-KeyedMapperTests.release.xcconfig"; sourceTree = "<group>"; };
		D934EE6EF597E359A078575A /* Pods-KeyedMapperTests.debug.xcconfig */ = {isa = PBXFileReference; includeInIndex = 1; lastKnownFileType = text.xcconfig; name = "Pods-KeyedMapperTests.debug.xcconfig"; path = "Pods/Target Support Files/Pods-KeyedMapperTests/Pods-KeyedMapperTests.debug.xcconfig"; sourceTree = "<group>"; };
/* End PBXFileReference section */

/* Begin PBXFrameworksBuildPhase section */
		75BC66791D7691520041B0CA /* Frameworks */ = {
			isa = PBXFrameworksBuildPhase;
			buildActionMask = 2147483647;
			files = (
				EF0842381252C5D280433717 /* Pods_KeyedMapper.framework in Frameworks */,
			);
			runOnlyForDeploymentPostprocessing = 0;
		};
		75BC66841D7691520041B0CA /* Frameworks */ = {
			isa = PBXFrameworksBuildPhase;
			buildActionMask = 2147483647;
			files = (
				75BC66881D7691520041B0CA /* KeyedMapper.framework in Frameworks */,
				8800A761C99290A96C4E825B /* Pods_KeyedMapperTests.framework in Frameworks */,
			);
			runOnlyForDeploymentPostprocessing = 0;
		};
		75CCE8B31DC8D6C80023D8B4 /* Frameworks */ = {
			isa = PBXFrameworksBuildPhase;
			buildActionMask = 2147483647;
			files = (
			);
			runOnlyForDeploymentPostprocessing = 0;
		};
		75CCE8C61DC8D7DC0023D8B4 /* Frameworks */ = {
			isa = PBXFrameworksBuildPhase;
			buildActionMask = 2147483647;
			files = (
				75CCE8CE1DC8D7DD0023D8B4 /* KeyedMapper.framework in Frameworks */,
			);
			runOnlyForDeploymentPostprocessing = 0;
		};
/* End PBXFrameworksBuildPhase section */

/* Begin PBXGroup section */
		353873040D7AFC6C2A4F7360 /* Frameworks */ = {
			isa = PBXGroup;
			children = (
				372B003C4512F244A93D6964 /* Pods_KeyedMapper.framework */,
				06C32F4E25B088BD6632AAC3 /* Pods_KeyedMapperTests.framework */,
			);
			name = Frameworks;
			sourceTree = "<group>";
		};
		750C74D01D7A7A3700B9AB51 /* Supporting Files */ = {
			isa = PBXGroup;
			children = (
				7570733A1D867424006C5D7F /* Extensions */,
				75BC668E1D7691520041B0CA /* Info.plist */,
			);
			path = "Supporting Files";
			sourceTree = "<group>";
		};
		750C74D11D7A7A3F00B9AB51 /* Extensions */ = {
			isa = PBXGroup;
			children = (
				7562CA891D88CE7200430687 /* Foundation */,
				7562CA8A1D88CE7A00430687 /* KeyedMapper */,
			);
			path = Extensions;
			sourceTree = "<group>";
		};
		75106DEF1D8D1597008E1D6D /* Playgrounds */ = {
			isa = PBXGroup;
			children = (
				75A985711D8DF43C00109E0A /* KeyedMapper.playground */,
			);
			path = Playgrounds;
			sourceTree = "<group>";
		};
		75182DF01D7BDA8C00AEAD44 /* KeyedMapper */ = {
			isa = PBXGroup;
			children = (
				75182DF51D7BDB5B00AEAD44 /* KeyedMapper+Convertible.swift */,
				75182DF31D7BDB1F00AEAD44 /* KeyedMapper+Mappable.swift */,
				7566673C1D864A6D00AFFE02 /* KeyedMapper+NilConvertible.swift */,
			);
			path = KeyedMapper;
			sourceTree = "<group>";
		};
		75182DF71D7BE17400AEAD44 /* Objects */ = {
			isa = PBXGroup;
			children = (
				7539FA381E18B92B0041593C /* JSONSpec.swift */,
				75182DFA1D7BE1C200AEAD44 /* KeyedMapperSpec.swift */,
				750047151D8CF0DA000C0779 /* MapperErrorSpec.swift */,
			);
			path = Objects;
			sourceTree = "<group>";
		};
		7562CA891D88CE7200430687 /* Foundation */ = {
			isa = PBXGroup;
			children = (
				750C74D21D7A7A5A00B9AB51 /* DictionarySpec.swift */,
				752518B71DF0C6C300B72977 /* Sequence+ConvertibleSpec.swift */,
				752518B51DF0C6B000B72977 /* Sequence+MappableSpec.swift */,
			);
			path = Foundation;
			sourceTree = "<group>";
		};
		7562CA8A1D88CE7A00430687 /* KeyedMapper */ = {
			isa = PBXGroup;
			children = (
				7562CA8C1D88F6D100430687 /* KeyedMapper+ConvertibleSpec.swift */,
				755470B91D8A554100472173 /* KeyedMapper+MappableSpec.swift */,
				7578B9B91D87A7890009A143 /* KeyedMapper+NilConvertibleSpec.swift */,
			);
			path = KeyedMapper;
			sourceTree = "<group>";
		};
		757073351D8658DF006C5D7F /* Protocols */ = {
			isa = PBXGroup;
			children = (
				757073381D866C95006C5D7F /* DefaultConvertibleSpec.swift */,
				757073361D8658F4006C5D7F /* MappableSpec.swift */,
				7578B9BB1D87AC840009A143 /* ReverseMappableSpec.swift */,
			);
			path = Protocols;
			sourceTree = "<group>";
		};
		7570733A1D867424006C5D7F /* Extensions */ = {
			isa = PBXGroup;
			children = (
				7570733D1D867458006C5D7F /* MapperError.swift */,
			);
			path = Extensions;
			sourceTree = "<group>";
		};
		75BC66731D7691520041B0CA = {
			isa = PBXGroup;
			children = (
				353873040D7AFC6C2A4F7360 /* Frameworks */,
				75BC667F1D7691520041B0CA /* KeyedMapper */,
				75BC668B1D7691520041B0CA /* KeyedMapperTests */,
				75CCE8CA1DC8D7DC0023D8B4 /* PerformanceTests */,
				75106DEF1D8D1597008E1D6D /* Playgrounds */,
				D9366B1DDEF738C46C747711 /* Pods */,
				75BC667E1D7691520041B0CA /* Products */,
				75CCE8B81DC8D6C80023D8B4 /* TestModels */,
				7562CA8B1D88E59700430687 /* .codebeatignore */,
				75FEE68C1D793D3B002DBF7D /* .gitignore */,
				7500471B1D8D0C83000C0779 /* .swift-version */,
				75FEE68D1D793D3B002DBF7D /* .swiftlint.yml */,
				750C74D41D7A83B000B9AB51 /* .travis.yml */,
				75BC66AE1D7694C40041B0CA /* Gemfile */,
				750047191D8CFF0E000C0779 /* KeyedMapper.podspec */,
				755ADE081D8DE91F0086C900 /* LICENSE */,
				755ADE071D8DE91F0086C900 /* README.md */,
				755ADE061D8DE91F0086C900 /* codecov.yml */,
			);
			sourceTree = "<group>";
		};
		75BC667E1D7691520041B0CA /* Products */ = {
			isa = PBXGroup;
			children = (
				75BC667D1D7691520041B0CA /* KeyedMapper.framework */,
				75BC66871D7691520041B0CA /* KeyedMapperTests.xctest */,
				75CCE8B71DC8D6C80023D8B4 /* TestModels.framework */,
				75CCE8C91DC8D7DC0023D8B4 /* PerformanceTests.xctest */,
			);
			name = Products;
			sourceTree = "<group>";
		};
		75BC667F1D7691520041B0CA /* KeyedMapper */ = {
			isa = PBXGroup;
			children = (
				75BC66971D76916C0041B0CA /* Extensions */,
				75BC669E1D7691F00041B0CA /* Objects */,
				75BC669B1D76919F0041B0CA /* Protocols */,
				75BC66AB1D7694580041B0CA /* Supporting Files */,
				7509D0971E0C23D700550FDA /* .swiftlint.yml */,
			);
			path = KeyedMapper;
			sourceTree = "<group>";
		};
		75BC668B1D7691520041B0CA /* KeyedMapperTests */ = {
			isa = PBXGroup;
			children = (
				750C74D11D7A7A3F00B9AB51 /* Extensions */,
				75182DF71D7BE17400AEAD44 /* Objects */,
				757073351D8658DF006C5D7F /* Protocols */,
				750C74D01D7A7A3700B9AB51 /* Supporting Files */,
			);
			path = KeyedMapperTests;
			sourceTree = "<group>";
		};
		75BC66971D76916C0041B0CA /* Extensions */ = {
			isa = PBXGroup;
			children = (
				75BC66981D76917F0041B0CA /* Foundation */,
				75182DF01D7BDA8C00AEAD44 /* KeyedMapper */,
			);
			path = Extensions;
			sourceTree = "<group>";
		};
		75BC66981D76917F0041B0CA /* Foundation */ = {
			isa = PBXGroup;
			children = (
				75BC66991D76918C0041B0CA /* Dictionary.swift */,
				757BFE481DEF895500FC861C /* Sequence+Convertible.swift */,
				757BFE461DEF892800FC861C /* Sequence+Mappable.swift */,
			);
			path = Foundation;
			sourceTree = "<group>";
		};
		75BC669B1D76919F0041B0CA /* Protocols */ = {
			isa = PBXGroup;
			children = (
				75BC669C1D7691AB0041B0CA /* Convertible.swift */,
				75BC66B01D7697F40041B0CA /* DefaultConvertible.swift */,
				75BC66A11D76924E0041B0CA /* JSONKey.swift */,
				7566673A1D864A2800AFFE02 /* NilConvertible.swift */,
				75BC66A71D7692D20041B0CA /* ReverseMappable.swift */,
				755C6397240500DF00287FF4 /* Mappable.swift */,
			);
			path = Protocols;
			sourceTree = "<group>";
		};
		75BC669E1D7691F00041B0CA /* Objects */ = {
			isa = PBXGroup;
			children = (
				7539FA361E18B8CE0041593C /* JSON.swift */,
				75BC66A91D7692FD0041B0CA /* KeyedMapper.swift */,
				75BC669F1D7691FD0041B0CA /* MapperError.swift */,
			);
			path = Objects;
			sourceTree = "<group>";
		};
		75BC66AB1D7694580041B0CA /* Supporting Files */ = {
			isa = PBXGroup;
			children = (
				75BC66821D7691520041B0CA /* Info.plist */,
				75BC66801D7691520041B0CA /* KeyedMapper.h */,
			);
			path = "Supporting Files";
			sourceTree = "<group>";
		};
		75CCE8B81DC8D6C80023D8B4 /* TestModels */ = {
			isa = PBXGroup;
			children = (
				75CCE8BA1DC8D6C80023D8B4 /* Info.plist */,
				75CCE8C31DC8D7790023D8B4 /* Program.swift */,
				75CCE8D81DC8D9000023D8B4 /* ProgramList.swift */,
				75CCE8BF1DC8D7150023D8B4 /* Recording.swift */,
				75CCE8B91DC8D6C80023D8B4 /* TestModels.h */,
			);
			path = TestModels;
			sourceTree = "<group>";
		};
		75CCE8CA1DC8D7DC0023D8B4 /* PerformanceTests */ = {
			isa = PBXGroup;
			children = (
				75CCE8CD1DC8D7DD0023D8B4 /* Info.plist */,
				75CCE8D61DC8D83C0023D8B4 /* Large.json */,
				75CCE8CB1DC8D7DC0023D8B4 /* PerformanceTests.swift */,
			);
			path = PerformanceTests;
			sourceTree = "<group>";
		};
		D9366B1DDEF738C46C747711 /* Pods */ = {
			isa = PBXGroup;
			children = (
				D934EE6EF597E359A078575A /* Pods-KeyedMapperTests.debug.xcconfig */,
				BB15C45BEA566614D77E2656 /* Pods-KeyedMapperTests.release.xcconfig */,
				69F8C276B77894D1CEEAB459 /* Pods-KeyedMapper.debug.xcconfig */,
				91EF0AD6E5D893E33C1E2C41 /* Pods-KeyedMapper.release.xcconfig */,
			);
			name = Pods;
			sourceTree = "<group>";
		};
/* End PBXGroup section */

/* Begin PBXHeadersBuildPhase section */
		75BC667A1D7691520041B0CA /* Headers */ = {
			isa = PBXHeadersBuildPhase;
			buildActionMask = 2147483647;
			files = (
				75BC66811D7691520041B0CA /* KeyedMapper.h in Headers */,
			);
			runOnlyForDeploymentPostprocessing = 0;
		};
		75CCE8B41DC8D6C80023D8B4 /* Headers */ = {
			isa = PBXHeadersBuildPhase;
			buildActionMask = 2147483647;
			files = (
				75CCE8BB1DC8D6C80023D8B4 /* TestModels.h in Headers */,
			);
			runOnlyForDeploymentPostprocessing = 0;
		};
/* End PBXHeadersBuildPhase section */

/* Begin PBXNativeTarget section */
		75BC667C1D7691520041B0CA /* KeyedMapper */ = {
			isa = PBXNativeTarget;
			buildConfigurationList = 75BC66911D7691520041B0CA /* Build configuration list for PBXNativeTarget "KeyedMapper" */;
			buildPhases = (
				536383FF95AB4A5D902B1F50 /* [CP] Check Pods Manifest.lock */,
				755C63962405002D00287FF4 /* SwiftLint autocorrect */,
				75FEE6901D793F5D002DBF7D /* Swiftlint lint */,
				75BC66781D7691520041B0CA /* Sources */,
				75BC66791D7691520041B0CA /* Frameworks */,
				75BC667A1D7691520041B0CA /* Headers */,
				75BC667B1D7691520041B0CA /* Resources */,
			);
			buildRules = (
			);
			dependencies = (
			);
			name = KeyedMapper;
			productName = KeyedMapper;
			productReference = 75BC667D1D7691520041B0CA /* KeyedMapper.framework */;
			productType = "com.apple.product-type.framework";
		};
		75BC66861D7691520041B0CA /* KeyedMapperTests */ = {
			isa = PBXNativeTarget;
			buildConfigurationList = 75BC66941D7691520041B0CA /* Build configuration list for PBXNativeTarget "KeyedMapperTests" */;
			buildPhases = (
				8C130226DC5A0A01A6C057EA /* [CP] Check Pods Manifest.lock */,
				75BC66831D7691520041B0CA /* Sources */,
				75BC66841D7691520041B0CA /* Frameworks */,
				75BC66851D7691520041B0CA /* Resources */,
				73CFC402A8BB49CA9F0EE13D /* [CP] Embed Pods Frameworks */,
			);
			buildRules = (
			);
			dependencies = (
				75BC668A1D7691520041B0CA /* PBXTargetDependency */,
			);
			name = KeyedMapperTests;
			productName = KeyedMapperTests;
			productReference = 75BC66871D7691520041B0CA /* KeyedMapperTests.xctest */;
			productType = "com.apple.product-type.bundle.unit-test";
		};
		75CCE8B61DC8D6C80023D8B4 /* TestModels */ = {
			isa = PBXNativeTarget;
			buildConfigurationList = 75CCE8BE1DC8D6C80023D8B4 /* Build configuration list for PBXNativeTarget "TestModels" */;
			buildPhases = (
				75CCE8B21DC8D6C80023D8B4 /* Sources */,
				75CCE8B31DC8D6C80023D8B4 /* Frameworks */,
				75CCE8B41DC8D6C80023D8B4 /* Headers */,
				75CCE8B51DC8D6C80023D8B4 /* Resources */,
			);
			buildRules = (
			);
			dependencies = (
				75CCE8C21DC8D7590023D8B4 /* PBXTargetDependency */,
			);
			name = TestModels;
			productName = TestModels;
			productReference = 75CCE8B71DC8D6C80023D8B4 /* TestModels.framework */;
			productType = "com.apple.product-type.framework";
		};
		75CCE8C81DC8D7DC0023D8B4 /* PerformanceTests */ = {
			isa = PBXNativeTarget;
			buildConfigurationList = 75CCE8D11DC8D7DD0023D8B4 /* Build configuration list for PBXNativeTarget "PerformanceTests" */;
			buildPhases = (
				75CCE8C51DC8D7DC0023D8B4 /* Sources */,
				75CCE8C61DC8D7DC0023D8B4 /* Frameworks */,
				75CCE8C71DC8D7DC0023D8B4 /* Resources */,
			);
			buildRules = (
			);
			dependencies = (
				75CCE8D51DC8D7EA0023D8B4 /* PBXTargetDependency */,
				75CCE8D01DC8D7DD0023D8B4 /* PBXTargetDependency */,
			);
			name = PerformanceTests;
			productName = PerformanceTests;
			productReference = 75CCE8C91DC8D7DC0023D8B4 /* PerformanceTests.xctest */;
			productType = "com.apple.product-type.bundle.unit-test";
		};
/* End PBXNativeTarget section */

/* Begin PBXProject section */
		75BC66741D7691520041B0CA /* Project object */ = {
			isa = PBXProject;
			attributes = {
				LastSwiftUpdateCheck = 0810;
				LastUpgradeCheck = 1120;
				ORGANIZATIONNAME = Noobish1;
				TargetAttributes = {
					75BC667C1D7691520041B0CA = {
						CreatedOnToolsVersion = 8.0;
						DevelopmentTeam = 5FU3YAJNJH;
						DevelopmentTeamName = "Blair McArthur (Personal Team)";
						LastSwiftMigration = 0800;
						ProvisioningStyle = Automatic;
					};
					75BC66861D7691520041B0CA = {
						CreatedOnToolsVersion = 8.0;
						DevelopmentTeam = 5FU3YAJNJH;
						DevelopmentTeamName = "Blair McArthur (Personal Team)";
						ProvisioningStyle = Automatic;
					};
					75CCE8B61DC8D6C80023D8B4 = {
						CreatedOnToolsVersion = 8.1;
						DevelopmentTeam = 5FU3YAJNJH;
						LastSwiftMigration = 0810;
						ProvisioningStyle = Automatic;
					};
					75CCE8C81DC8D7DC0023D8B4 = {
						CreatedOnToolsVersion = 8.1;
						DevelopmentTeam = 5FU3YAJNJH;
						ProvisioningStyle = Automatic;
					};
				};
			};
			buildConfigurationList = 75BC66771D7691520041B0CA /* Build configuration list for PBXProject "KeyedMapper" */;
			compatibilityVersion = "Xcode 3.2";
			developmentRegion = English;
			hasScannedForEncodings = 0;
			knownRegions = (
				English,
				en,
			);
			mainGroup = 75BC66731D7691520041B0CA;
			productRefGroup = 75BC667E1D7691520041B0CA /* Products */;
			projectDirPath = "";
			projectRoot = "";
			targets = (
				75BC667C1D7691520041B0CA /* KeyedMapper */,
				75BC66861D7691520041B0CA /* KeyedMapperTests */,
				75CCE8B61DC8D6C80023D8B4 /* TestModels */,
				75CCE8C81DC8D7DC0023D8B4 /* PerformanceTests */,
			);
		};
/* End PBXProject section */

/* Begin PBXResourcesBuildPhase section */
		75BC667B1D7691520041B0CA /* Resources */ = {
			isa = PBXResourcesBuildPhase;
			buildActionMask = 2147483647;
			files = (
				7509D0981E0C23D700550FDA /* .swiftlint.yml in Resources */,
			);
			runOnlyForDeploymentPostprocessing = 0;
		};
		75BC66851D7691520041B0CA /* Resources */ = {
			isa = PBXResourcesBuildPhase;
			buildActionMask = 2147483647;
			files = (
			);
			runOnlyForDeploymentPostprocessing = 0;
		};
		75CCE8B51DC8D6C80023D8B4 /* Resources */ = {
			isa = PBXResourcesBuildPhase;
			buildActionMask = 2147483647;
			files = (
			);
			runOnlyForDeploymentPostprocessing = 0;
		};
		75CCE8C71DC8D7DC0023D8B4 /* Resources */ = {
			isa = PBXResourcesBuildPhase;
			buildActionMask = 2147483647;
			files = (
				75CCE8D71DC8D83C0023D8B4 /* Large.json in Resources */,
			);
			runOnlyForDeploymentPostprocessing = 0;
		};
/* End PBXResourcesBuildPhase section */

/* Begin PBXShellScriptBuildPhase section */
		536383FF95AB4A5D902B1F50 /* [CP] Check Pods Manifest.lock */ = {
			isa = PBXShellScriptBuildPhase;
			buildActionMask = 2147483647;
			files = (
			);
			inputFileListPaths = (
			);
			inputPaths = (
				"${PODS_PODFILE_DIR_PATH}/Podfile.lock",
				"${PODS_ROOT}/Manifest.lock",
			);
			name = "[CP] Check Pods Manifest.lock";
			outputFileListPaths = (
			);
			outputPaths = (
				"$(DERIVED_FILE_DIR)/Pods-KeyedMapper-checkManifestLockResult.txt",
			);
			runOnlyForDeploymentPostprocessing = 0;
			shellPath = /bin/sh;
			shellScript = "diff \"${PODS_PODFILE_DIR_PATH}/Podfile.lock\" \"${PODS_ROOT}/Manifest.lock\" > /dev/null\nif [ $? != 0 ] ; then\n    # print error to STDERR\n    echo \"error: The sandbox is not in sync with the Podfile.lock. Run 'pod install' or update your CocoaPods installation.\" >&2\n    exit 1\nfi\n# This output is used by Xcode 'outputs' to avoid re-running this script phase.\necho \"SUCCESS\" > \"${SCRIPT_OUTPUT_FILE_0}\"\n";
			showEnvVarsInLog = 0;
		};
		73CFC402A8BB49CA9F0EE13D /* [CP] Embed Pods Frameworks */ = {
			isa = PBXShellScriptBuildPhase;
			buildActionMask = 2147483647;
			files = (
			);
			inputPaths = (
				"${PODS_ROOT}/Target Support Files/Pods-KeyedMapperTests/Pods-KeyedMapperTests-frameworks.sh",
				"${BUILT_PRODUCTS_DIR}/Nimble/Nimble.framework",
				"${BUILT_PRODUCTS_DIR}/Quick/Quick.framework",
			);
			name = "[CP] Embed Pods Frameworks";
			outputPaths = (
				"${TARGET_BUILD_DIR}/${FRAMEWORKS_FOLDER_PATH}/Nimble.framework",
				"${TARGET_BUILD_DIR}/${FRAMEWORKS_FOLDER_PATH}/Quick.framework",
			);
			runOnlyForDeploymentPostprocessing = 0;
			shellPath = /bin/sh;
			shellScript = "\"${PODS_ROOT}/Target Support Files/Pods-KeyedMapperTests/Pods-KeyedMapperTests-frameworks.sh\"\n";
			showEnvVarsInLog = 0;
		};
		755C63962405002D00287FF4 /* SwiftLint autocorrect */ = {
			isa = PBXShellScriptBuildPhase;
			buildActionMask = 2147483647;
			files = (
			);
			inputFileListPaths = (
			);
			inputPaths = (
			);
			name = "SwiftLint autocorrect";
			outputFileListPaths = (
			);
			outputPaths = (
			);
			runOnlyForDeploymentPostprocessing = 0;
			shellPath = /bin/sh;
			shellScript = "\"${PODS_ROOT}/SwiftLint/swiftlint\" autocorrect --quiet KeyedMapper/\n";
		};
		75FEE6901D793F5D002DBF7D /* Swiftlint lint */ = {
			isa = PBXShellScriptBuildPhase;
			buildActionMask = 2147483647;
			files = (
			);
			inputPaths = (
			);
			name = "Swiftlint lint";
			outputPaths = (
			);
			runOnlyForDeploymentPostprocessing = 0;
			shellPath = /bin/sh;
			shellScript = "set -e\nset -o pipefail\n\n\"${PODS_ROOT}/SwiftLint/swiftlint\" --strict --quiet KeyedMapper/ | sed 's/warning:/error:/g'\n";
		};
		8C130226DC5A0A01A6C057EA /* [CP] Check Pods Manifest.lock */ = {
			isa = PBXShellScriptBuildPhase;
			buildActionMask = 2147483647;
			files = (
			);
			inputPaths = (
				"${PODS_PODFILE_DIR_PATH}/Podfile.lock",
				"${PODS_ROOT}/Manifest.lock",
			);
			name = "[CP] Check Pods Manifest.lock";
			outputPaths = (
				"$(DERIVED_FILE_DIR)/Pods-KeyedMapperTests-checkManifestLockResult.txt",
			);
			runOnlyForDeploymentPostprocessing = 0;
			shellPath = /bin/sh;
			shellScript = "diff \"${PODS_PODFILE_DIR_PATH}/Podfile.lock\" \"${PODS_ROOT}/Manifest.lock\" > /dev/null\nif [ $? != 0 ] ; then\n    # print error to STDERR\n    echo \"error: The sandbox is not in sync with the Podfile.lock. Run 'pod install' or update your CocoaPods installation.\" >&2\n    exit 1\nfi\n# This output is used by Xcode 'outputs' to avoid re-running this script phase.\necho \"SUCCESS\" > \"${SCRIPT_OUTPUT_FILE_0}\"\n";
			showEnvVarsInLog = 0;
		};
/* End PBXShellScriptBuildPhase section */

/* Begin PBXSourcesBuildPhase section */
		75BC66781D7691520041B0CA /* Sources */ = {
			isa = PBXSourcesBuildPhase;
			buildActionMask = 2147483647;
			files = (
				75BC669A1D76918C0041B0CA /* Dictionary.swift in Sources */,
				755C6398240500DF00287FF4 /* Mappable.swift in Sources */,
				7539FA371E18B8CE0041593C /* JSON.swift in Sources */,
				75BC66A01D7691FD0041B0CA /* MapperError.swift in Sources */,
				757BFE471DEF892800FC861C /* Sequence+Mappable.swift in Sources */,
				75BC66AA1D7692FD0041B0CA /* KeyedMapper.swift in Sources */,
				75182DF41D7BDB1F00AEAD44 /* KeyedMapper+Mappable.swift in Sources */,
				75BC669D1D7691AB0041B0CA /* Convertible.swift in Sources */,
				7566673B1D864A2800AFFE02 /* NilConvertible.swift in Sources */,
				75BC66B11D7697F40041B0CA /* DefaultConvertible.swift in Sources */,
				75182DF61D7BDB5B00AEAD44 /* KeyedMapper+Convertible.swift in Sources */,
				75BC66A21D76924E0041B0CA /* JSONKey.swift in Sources */,
				757BFE491DEF895500FC861C /* Sequence+Convertible.swift in Sources */,
				75BC66A81D7692D20041B0CA /* ReverseMappable.swift in Sources */,
				7566673D1D864A6D00AFFE02 /* KeyedMapper+NilConvertible.swift in Sources */,
			);
			runOnlyForDeploymentPostprocessing = 0;
		};
		75BC66831D7691520041B0CA /* Sources */ = {
			isa = PBXSourcesBuildPhase;
			buildActionMask = 2147483647;
			files = (
				755470BA1D8A554100472173 /* KeyedMapper+MappableSpec.swift in Sources */,
				750047161D8CF0DA000C0779 /* MapperErrorSpec.swift in Sources */,
				75182DFB1D7BE1C200AEAD44 /* KeyedMapperSpec.swift in Sources */,
				750C74D31D7A7A5A00B9AB51 /* DictionarySpec.swift in Sources */,
				752518B61DF0C6B000B72977 /* Sequence+MappableSpec.swift in Sources */,
				7562CA8D1D88F6D100430687 /* KeyedMapper+ConvertibleSpec.swift in Sources */,
				7578B9BC1D87AC840009A143 /* ReverseMappableSpec.swift in Sources */,
				7578B9BA1D87A7890009A143 /* KeyedMapper+NilConvertibleSpec.swift in Sources */,
				757073391D866C95006C5D7F /* DefaultConvertibleSpec.swift in Sources */,
				752518B81DF0C6C300B72977 /* Sequence+ConvertibleSpec.swift in Sources */,
				7570733E1D867458006C5D7F /* MapperError.swift in Sources */,
				757073371D8658F4006C5D7F /* MappableSpec.swift in Sources */,
				7539FA391E18B92B0041593C /* JSONSpec.swift in Sources */,
			);
			runOnlyForDeploymentPostprocessing = 0;
		};
		75CCE8B21DC8D6C80023D8B4 /* Sources */ = {
			isa = PBXSourcesBuildPhase;
			buildActionMask = 2147483647;
			files = (
				75CCE8C41DC8D7790023D8B4 /* Program.swift in Sources */,
				75CCE8D91DC8D9000023D8B4 /* ProgramList.swift in Sources */,
				75CCE8C01DC8D7150023D8B4 /* Recording.swift in Sources */,
			);
			runOnlyForDeploymentPostprocessing = 0;
		};
		75CCE8C51DC8D7DC0023D8B4 /* Sources */ = {
			isa = PBXSourcesBuildPhase;
			buildActionMask = 2147483647;
			files = (
				75CCE8CC1DC8D7DC0023D8B4 /* PerformanceTests.swift in Sources */,
			);
			runOnlyForDeploymentPostprocessing = 0;
		};
/* End PBXSourcesBuildPhase section */

/* Begin PBXTargetDependency section */
		75BC668A1D7691520041B0CA /* PBXTargetDependency */ = {
			isa = PBXTargetDependency;
			target = 75BC667C1D7691520041B0CA /* KeyedMapper */;
			targetProxy = 75BC66891D7691520041B0CA /* PBXContainerItemProxy */;
		};
		75CCE8C21DC8D7590023D8B4 /* PBXTargetDependency */ = {
			isa = PBXTargetDependency;
			target = 75BC667C1D7691520041B0CA /* KeyedMapper */;
			targetProxy = 75CCE8C11DC8D7590023D8B4 /* PBXContainerItemProxy */;
		};
		75CCE8D01DC8D7DD0023D8B4 /* PBXTargetDependency */ = {
			isa = PBXTargetDependency;
			target = 75BC667C1D7691520041B0CA /* KeyedMapper */;
			targetProxy = 75CCE8CF1DC8D7DD0023D8B4 /* PBXContainerItemProxy */;
		};
		75CCE8D51DC8D7EA0023D8B4 /* PBXTargetDependency */ = {
			isa = PBXTargetDependency;
			target = 75CCE8B61DC8D6C80023D8B4 /* TestModels */;
			targetProxy = 75CCE8D41DC8D7EA0023D8B4 /* PBXContainerItemProxy */;
		};
/* End PBXTargetDependency section */

/* Begin XCBuildConfiguration section */
		75BC668F1D7691520041B0CA /* Debug */ = {
			isa = XCBuildConfiguration;
			buildSettings = {
				ALWAYS_SEARCH_USER_PATHS = NO;
				CLANG_ANALYZER_LOCALIZABILITY_NONLOCALIZED = YES;
				CLANG_ANALYZER_NONNULL = YES;
				CLANG_CXX_LANGUAGE_STANDARD = "gnu++0x";
				CLANG_CXX_LIBRARY = "libc++";
				CLANG_ENABLE_MODULES = YES;
				CLANG_ENABLE_OBJC_ARC = YES;
				CLANG_WARN_BLOCK_CAPTURE_AUTORELEASING = YES;
				CLANG_WARN_BOOL_CONVERSION = YES;
				CLANG_WARN_COMMA = YES;
				CLANG_WARN_CONSTANT_CONVERSION = YES;
				CLANG_WARN_DEPRECATED_OBJC_IMPLEMENTATIONS = YES;
				CLANG_WARN_DIRECT_OBJC_ISA_USAGE = YES_ERROR;
				CLANG_WARN_DOCUMENTATION_COMMENTS = YES;
				CLANG_WARN_EMPTY_BODY = YES;
				CLANG_WARN_ENUM_CONVERSION = YES;
				CLANG_WARN_INFINITE_RECURSION = YES;
				CLANG_WARN_INT_CONVERSION = YES;
				CLANG_WARN_NON_LITERAL_NULL_CONVERSION = YES;
				CLANG_WARN_OBJC_IMPLICIT_RETAIN_SELF = YES;
				CLANG_WARN_OBJC_LITERAL_CONVERSION = YES;
				CLANG_WARN_OBJC_ROOT_CLASS = YES_ERROR;
				CLANG_WARN_RANGE_LOOP_ANALYSIS = YES;
				CLANG_WARN_STRICT_PROTOTYPES = YES;
				CLANG_WARN_SUSPICIOUS_MOVE = YES;
				CLANG_WARN_UNREACHABLE_CODE = YES;
				CLANG_WARN__DUPLICATE_METHOD_MATCH = YES;
				"CODE_SIGN_IDENTITY[sdk=iphoneos*]" = "iPhone Developer";
				COPY_PHASE_STRIP = NO;
				CURRENT_PROJECT_VERSION = 1;
				DEBUG_INFORMATION_FORMAT = dwarf;
				ENABLE_STRICT_OBJC_MSGSEND = YES;
				ENABLE_TESTABILITY = YES;
				GCC_C_LANGUAGE_STANDARD = gnu99;
				GCC_DYNAMIC_NO_PIC = NO;
				GCC_NO_COMMON_BLOCKS = YES;
				GCC_OPTIMIZATION_LEVEL = 0;
				GCC_PREPROCESSOR_DEFINITIONS = (
					"DEBUG=1",
					"$(inherited)",
				);
				GCC_WARN_64_TO_32_BIT_CONVERSION = YES;
				GCC_WARN_ABOUT_RETURN_TYPE = YES_ERROR;
				GCC_WARN_UNDECLARED_SELECTOR = YES;
				GCC_WARN_UNINITIALIZED_AUTOS = YES_AGGRESSIVE;
				GCC_WARN_UNUSED_FUNCTION = YES;
				GCC_WARN_UNUSED_VARIABLE = YES;
				IPHONEOS_DEPLOYMENT_TARGET = 8.0;
				MTL_ENABLE_DEBUG_INFO = YES;
				ONLY_ACTIVE_ARCH = YES;
				SDKROOT = iphoneos;
				SWIFT_ACTIVE_COMPILATION_CONDITIONS = DEBUG;
				SWIFT_OPTIMIZATION_LEVEL = "-Onone";
				SWIFT_VERSION = 5.0;
				TARGETED_DEVICE_FAMILY = "1,2";
				VERSIONING_SYSTEM = "apple-generic";
				VERSION_INFO_PREFIX = "";
			};
			name = Debug;
		};
		75BC66901D7691520041B0CA /* Release */ = {
			isa = XCBuildConfiguration;
			buildSettings = {
				ALWAYS_SEARCH_USER_PATHS = NO;
				CLANG_ANALYZER_LOCALIZABILITY_NONLOCALIZED = YES;
				CLANG_ANALYZER_NONNULL = YES;
				CLANG_CXX_LANGUAGE_STANDARD = "gnu++0x";
				CLANG_CXX_LIBRARY = "libc++";
				CLANG_ENABLE_MODULES = YES;
				CLANG_ENABLE_OBJC_ARC = YES;
				CLANG_WARN_BLOCK_CAPTURE_AUTORELEASING = YES;
				CLANG_WARN_BOOL_CONVERSION = YES;
				CLANG_WARN_COMMA = YES;
				CLANG_WARN_CONSTANT_CONVERSION = YES;
				CLANG_WARN_DEPRECATED_OBJC_IMPLEMENTATIONS = YES;
				CLANG_WARN_DIRECT_OBJC_ISA_USAGE = YES_ERROR;
				CLANG_WARN_DOCUMENTATION_COMMENTS = YES;
				CLANG_WARN_EMPTY_BODY = YES;
				CLANG_WARN_ENUM_CONVERSION = YES;
				CLANG_WARN_INFINITE_RECURSION = YES;
				CLANG_WARN_INT_CONVERSION = YES;
				CLANG_WARN_NON_LITERAL_NULL_CONVERSION = YES;
				CLANG_WARN_OBJC_IMPLICIT_RETAIN_SELF = YES;
				CLANG_WARN_OBJC_LITERAL_CONVERSION = YES;
				CLANG_WARN_OBJC_ROOT_CLASS = YES_ERROR;
				CLANG_WARN_RANGE_LOOP_ANALYSIS = YES;
				CLANG_WARN_STRICT_PROTOTYPES = YES;
				CLANG_WARN_SUSPICIOUS_MOVE = YES;
				CLANG_WARN_UNREACHABLE_CODE = YES;
				CLANG_WARN__DUPLICATE_METHOD_MATCH = YES;
				"CODE_SIGN_IDENTITY[sdk=iphoneos*]" = "iPhone Developer";
				COPY_PHASE_STRIP = NO;
				CURRENT_PROJECT_VERSION = 1;
				DEBUG_INFORMATION_FORMAT = "dwarf-with-dsym";
				ENABLE_NS_ASSERTIONS = NO;
				ENABLE_STRICT_OBJC_MSGSEND = YES;
				GCC_C_LANGUAGE_STANDARD = gnu99;
				GCC_NO_COMMON_BLOCKS = YES;
				GCC_WARN_64_TO_32_BIT_CONVERSION = YES;
				GCC_WARN_ABOUT_RETURN_TYPE = YES_ERROR;
				GCC_WARN_UNDECLARED_SELECTOR = YES;
				GCC_WARN_UNINITIALIZED_AUTOS = YES_AGGRESSIVE;
				GCC_WARN_UNUSED_FUNCTION = YES;
				GCC_WARN_UNUSED_VARIABLE = YES;
				IPHONEOS_DEPLOYMENT_TARGET = 8.0;
				MTL_ENABLE_DEBUG_INFO = NO;
				SDKROOT = iphoneos;
				SWIFT_OPTIMIZATION_LEVEL = "-Owholemodule";
				SWIFT_VERSION = 5.0;
				TARGETED_DEVICE_FAMILY = "1,2";
				VALIDATE_PRODUCT = YES;
				VERSIONING_SYSTEM = "apple-generic";
				VERSION_INFO_PREFIX = "";
			};
			name = Release;
		};
		75BC66921D7691520041B0CA /* Debug */ = {
			isa = XCBuildConfiguration;
			baseConfigurationReference = 69F8C276B77894D1CEEAB459 /* Pods-KeyedMapper.debug.xcconfig */;
			buildSettings = {
				CLANG_ENABLE_MODULES = YES;
				"CODE_SIGN_IDENTITY[sdk=iphoneos*]" = "";
				DEFINES_MODULE = YES;
				DYLIB_COMPATIBILITY_VERSION = 1;
				DYLIB_CURRENT_VERSION = 1;
				DYLIB_INSTALL_NAME_BASE = "@rpath";
				INFOPLIST_FILE = "KeyedMapper/Supporting Files/Info.plist";
				INSTALL_PATH = "$(LOCAL_LIBRARY_DIR)/Frameworks";
				LD_RUNPATH_SEARCH_PATHS = "$(inherited) @executable_path/Frameworks @loader_path/Frameworks";
				PRODUCT_BUNDLE_IDENTIFIER = com.noobish1.KeyedMapper;
				PRODUCT_NAME = "$(TARGET_NAME)";
				SKIP_INSTALL = YES;
				SWIFT_OPTIMIZATION_LEVEL = "-Onone";
			};
			name = Debug;
		};
		75BC66931D7691520041B0CA /* Release */ = {
			isa = XCBuildConfiguration;
			baseConfigurationReference = 91EF0AD6E5D893E33C1E2C41 /* Pods-KeyedMapper.release.xcconfig */;
			buildSettings = {
				CLANG_ENABLE_MODULES = YES;
				"CODE_SIGN_IDENTITY[sdk=iphoneos*]" = "";
				DEFINES_MODULE = YES;
				DYLIB_COMPATIBILITY_VERSION = 1;
				DYLIB_CURRENT_VERSION = 1;
				DYLIB_INSTALL_NAME_BASE = "@rpath";
				INFOPLIST_FILE = "KeyedMapper/Supporting Files/Info.plist";
				INSTALL_PATH = "$(LOCAL_LIBRARY_DIR)/Frameworks";
				LD_RUNPATH_SEARCH_PATHS = "$(inherited) @executable_path/Frameworks @loader_path/Frameworks";
				PRODUCT_BUNDLE_IDENTIFIER = com.noobish1.KeyedMapper;
				PRODUCT_NAME = "$(TARGET_NAME)";
				SKIP_INSTALL = YES;
			};
			name = Release;
		};
		75BC66951D7691520041B0CA /* Debug */ = {
			isa = XCBuildConfiguration;
			baseConfigurationReference = D934EE6EF597E359A078575A /* Pods-KeyedMapperTests.debug.xcconfig */;
			buildSettings = {
				INFOPLIST_FILE = "KeyedMapperTests/Supporting Files/Info.plist";
				LD_RUNPATH_SEARCH_PATHS = "$(inherited) @executable_path/Frameworks @loader_path/Frameworks";
				PRODUCT_BUNDLE_IDENTIFIER = com.noobish1.KeyedMapperTests;
				PRODUCT_NAME = "$(TARGET_NAME)";
			};
			name = Debug;
		};
		75BC66961D7691520041B0CA /* Release */ = {
			isa = XCBuildConfiguration;
			baseConfigurationReference = BB15C45BEA566614D77E2656 /* Pods-KeyedMapperTests.release.xcconfig */;
			buildSettings = {
				INFOPLIST_FILE = "KeyedMapperTests/Supporting Files/Info.plist";
				LD_RUNPATH_SEARCH_PATHS = "$(inherited) @executable_path/Frameworks @loader_path/Frameworks";
				PRODUCT_BUNDLE_IDENTIFIER = com.noobish1.KeyedMapperTests;
				PRODUCT_NAME = "$(TARGET_NAME)";
			};
			name = Release;
		};
		75CCE8BC1DC8D6C80023D8B4 /* Debug */ = {
			isa = XCBuildConfiguration;
			buildSettings = {
				CLANG_ENABLE_MODULES = YES;
				CLANG_WARN_SUSPICIOUS_MOVES = YES;
				CODE_SIGN_IDENTITY = "";
				DEFINES_MODULE = YES;
				DEVELOPMENT_TEAM = 5FU3YAJNJH;
				DYLIB_COMPATIBILITY_VERSION = 1;
				DYLIB_CURRENT_VERSION = 1;
				DYLIB_INSTALL_NAME_BASE = "@rpath";
				INFOPLIST_FILE = TestModels/Info.plist;
				INSTALL_PATH = "$(LOCAL_LIBRARY_DIR)/Frameworks";
				IPHONEOS_DEPLOYMENT_TARGET = 10.1;
				LD_RUNPATH_SEARCH_PATHS = "$(inherited) @executable_path/Frameworks @loader_path/Frameworks";
				PRODUCT_BUNDLE_IDENTIFIER = com.noobish1.TestModels;
				PRODUCT_NAME = "$(TARGET_NAME)";
				SKIP_INSTALL = YES;
				SWIFT_OPTIMIZATION_LEVEL = "-Onone";
			};
			name = Debug;
		};
		75CCE8BD1DC8D6C80023D8B4 /* Release */ = {
			isa = XCBuildConfiguration;
			buildSettings = {
				CLANG_ENABLE_MODULES = YES;
				CLANG_WARN_SUSPICIOUS_MOVES = YES;
				CODE_SIGN_IDENTITY = "";
				DEFINES_MODULE = YES;
				DEVELOPMENT_TEAM = 5FU3YAJNJH;
				DYLIB_COMPATIBILITY_VERSION = 1;
				DYLIB_CURRENT_VERSION = 1;
				DYLIB_INSTALL_NAME_BASE = "@rpath";
				INFOPLIST_FILE = TestModels/Info.plist;
				INSTALL_PATH = "$(LOCAL_LIBRARY_DIR)/Frameworks";
				IPHONEOS_DEPLOYMENT_TARGET = 10.1;
				LD_RUNPATH_SEARCH_PATHS = "$(inherited) @executable_path/Frameworks @loader_path/Frameworks";
				PRODUCT_BUNDLE_IDENTIFIER = com.noobish1.TestModels;
				PRODUCT_NAME = "$(TARGET_NAME)";
				SKIP_INSTALL = YES;
			};
			name = Release;
		};
		75CCE8D21DC8D7DD0023D8B4 /* Debug */ = {
			isa = XCBuildConfiguration;
			buildSettings = {
				CLANG_WARN_SUSPICIOUS_MOVES = YES;
				DEVELOPMENT_TEAM = 5FU3YAJNJH;
				INFOPLIST_FILE = PerformanceTests/Info.plist;
				IPHONEOS_DEPLOYMENT_TARGET = 10.1;
				LD_RUNPATH_SEARCH_PATHS = "$(inherited) @executable_path/Frameworks @loader_path/Frameworks";
				PRODUCT_BUNDLE_IDENTIFIER = com.noobish1.PerformanceTests;
				PRODUCT_NAME = "$(TARGET_NAME)";
			};
			name = Debug;
		};
		75CCE8D31DC8D7DD0023D8B4 /* Release */ = {
			isa = XCBuildConfiguration;
			buildSettings = {
				CLANG_WARN_SUSPICIOUS_MOVES = YES;
				DEVELOPMENT_TEAM = 5FU3YAJNJH;
				INFOPLIST_FILE = PerformanceTests/Info.plist;
				IPHONEOS_DEPLOYMENT_TARGET = 10.1;
				LD_RUNPATH_SEARCH_PATHS = "$(inherited) @executable_path/Frameworks @loader_path/Frameworks";
				PRODUCT_BUNDLE_IDENTIFIER = com.noobish1.PerformanceTests;
				PRODUCT_NAME = "$(TARGET_NAME)";
			};
			name = Release;
		};
/* End XCBuildConfiguration section */

/* Begin XCConfigurationList section */
		75BC66771D7691520041B0CA /* Build configuration list for PBXProject "KeyedMapper" */ = {
			isa = XCConfigurationList;
			buildConfigurations = (
				75BC668F1D7691520041B0CA /* Debug */,
				75BC66901D7691520041B0CA /* Release */,
			);
			defaultConfigurationIsVisible = 0;
			defaultConfigurationName = Release;
		};
		75BC66911D7691520041B0CA /* Build configuration list for PBXNativeTarget "KeyedMapper" */ = {
			isa = XCConfigurationList;
			buildConfigurations = (
				75BC66921D7691520041B0CA /* Debug */,
				75BC66931D7691520041B0CA /* Release */,
			);
			defaultConfigurationIsVisible = 0;
			defaultConfigurationName = Release;
		};
		75BC66941D7691520041B0CA /* Build configuration list for PBXNativeTarget "KeyedMapperTests" */ = {
			isa = XCConfigurationList;
			buildConfigurations = (
				75BC66951D7691520041B0CA /* Debug */,
				75BC66961D7691520041B0CA /* Release */,
			);
			defaultConfigurationIsVisible = 0;
			defaultConfigurationName = Release;
		};
		75CCE8BE1DC8D6C80023D8B4 /* Build configuration list for PBXNativeTarget "TestModels" */ = {
			isa = XCConfigurationList;
			buildConfigurations = (
				75CCE8BC1DC8D6C80023D8B4 /* Debug */,
				75CCE8BD1DC8D6C80023D8B4 /* Release */,
			);
			defaultConfigurationIsVisible = 0;
			defaultConfigurationName = Release;
		};
		75CCE8D11DC8D7DD0023D8B4 /* Build configuration list for PBXNativeTarget "PerformanceTests" */ = {
			isa = XCConfigurationList;
			buildConfigurations = (
				75CCE8D21DC8D7DD0023D8B4 /* Debug */,
				75CCE8D31DC8D7DD0023D8B4 /* Release */,
			);
			defaultConfigurationIsVisible = 0;
			defaultConfigurationName = Release;
		};
/* End XCConfigurationList section */
	};
	rootObject = 75BC66741D7691520041B0CA /* Project object */;
}
